<?xml version="1.0" encoding="utf-8"?>
<Project ToolsVersion="4.0" xmlns="http://schemas.microsoft.com/developer/msbuild/2003">
  <ItemGroup>
    <Filter Include="源文件">
      <UniqueIdentifier>{4FC737F1-C7A5-4376-A066-2A32D752A2FF}</UniqueIdentifier>
      <Extensions>cpp;c;cc;cxx;c++;def;odl;idl;hpj;bat;asm;asmx</Extensions>
    </Filter>
    <Filter Include="头文件">
      <UniqueIdentifier>{93995380-89BD-4b04-88EB-625FBE52EBFB}</UniqueIdentifier>
      <Extensions>h;hh;hpp;hxx;h++;hm;inl;inc;ipp;xsd</Extensions>
    </Filter>
    <Filter Include="资源文件">
      <UniqueIdentifier>{67DA6AB6-F800-4c08-8B7A-83BB121AAD01}</UniqueIdentifier>
      <Extensions>rc;ico;cur;bmp;dlg;rc2;rct;bin;rgs;gif;jpg;jpeg;jpe;resx;tiff;tif;png;wav;mfcribbon-ms</Extensions>
    </Filter>
    <Filter Include="头文件\util">
      <UniqueIdentifier>{40e547e8-2b5f-429f-9159-342e968278d8}</UniqueIdentifier>
    </Filter>
  </ItemGroup>
  <ItemGroup>
    <ClInclude Include="targetver.h">
      <Filter>头文件</Filter>
    </ClInclude>
    <ClInclude Include="Resource.h">
      <Filter>头文件</Filter>
    </ClInclude>
    <ClInclude Include="ScrPlayer.h">
      <Filter>头文件</Filter>
    </ClInclude>
    <ClInclude Include="compat.h">
      <Filter>头文件</Filter>
    </ClInclude>
    <ClInclude Include="Screen.hpp">
      <Filter>头文件</Filter>
    </ClInclude>
    <ClInclude Include="common.h">
      <Filter>头文件</Filter>
    </ClInclude>
    <ClInclude Include="VideoStream.hpp">
      <Filter>头文件</Filter>
    </ClInclude>
    <ClInclude Include="VideoBuffer.hpp">
      <Filter>头文件</Filter>
    </ClInclude>
    <ClInclude Include="Recorder.hpp">
      <Filter>头文件</Filter>
    </ClInclude>
    <ClInclude Include="events.h">
      <Filter>头文件</Filter>
    </ClInclude>
    <ClInclude Include="Decoder.hpp">
      <Filter>头文件</Filter>
    </ClInclude>
    <ClInclude Include="FpsCounter.hpp">
      <Filter>头文件</Filter>
    </ClInclude>
    <ClInclude Include="Server.hpp">
      <Filter>头文件</Filter>
    </ClInclude>
    <ClInclude Include="Controller.hpp">
      <Filter>头文件</Filter>
    </ClInclude>
    <ClInclude Include="Receiver.hpp">
      <Filter>头文件</Filter>
    </ClInclude>
    <ClInclude Include="FileHandler.hpp">
      <Filter>头文件</Filter>
    </ClInclude>
    <ClInclude Include="util\cbuf.h">
      <Filter>头文件\util</Filter>
    </ClInclude>
    <ClInclude Include="util\buffer_util.h">
      <Filter>头文件\util</Filter>
    </ClInclude>
    <ClInclude Include="util\log.h">
      <Filter>头文件\util</Filter>
    </ClInclude>
    <ClInclude Include="util\lock.h">
      <Filter>头文件\util</Filter>
    </ClInclude>
    <ClInclude Include="util\queue.h">
      <Filter>头文件\util</Filter>
    </ClInclude>
    <ClInclude Include="command.h">
      <Filter>头文件</Filter>
    </ClInclude>
    <ClInclude Include="InputManager.hpp">
      <Filter>头文件</Filter>
    </ClInclude>
    <ClInclude Include="event_converter.h">
      <Filter>头文件</Filter>
    </ClInclude>
    <ClInclude Include="ControlMsg.hpp">
      <Filter>头文件</Filter>
    </ClInclude>
    <ClInclude Include="util\str_util.h">
      <Filter>头文件\util</Filter>
    </ClInclude>
    <ClInclude Include="Buttons.hpp">
      <Filter>头文件</Filter>
    </ClInclude>
    <ClInclude Include="FloatButtonBar.hpp">
      <Filter>头文件</Filter>
    </ClInclude>
  </ItemGroup>
  <ItemGroup>
    <ClCompile Include="ScrPlayer.cpp">
      <Filter>源文件</Filter>
    </ClCompile>
    <ClCompile Include="event_converter.cpp">
      <Filter>源文件</Filter>
    </ClCompile>
    <ClCompile Include="util\str_util.cpp">
      <Filter>头文件\util</Filter>
    </ClCompile>
    <ClCompile Include="command.cpp">
      <Filter>源文件</Filter>
    </ClCompile>
  </ItemGroup>
  <ItemGroup>
    <ResourceCompile Include="ScrPlayer.rc">
      <Filter>资源文件</Filter>
    </ResourceCompile>
  </ItemGroup>
  <ItemGroup>
    <None Include="cpp.hint" />
  </ItemGroup>
  <ItemGroup>
    <Image Include="res\spritesheet.png">
      <Filter>资源文件</Filter>
    </Image>
  </ItemGroup>
</Project>